
Microsoft Visual Studio Solution File, Format Version 12.00
# Visual Studio Version 17
VisualStudioVersion = 17.5.002.0
MinimumVisualStudioVersion = 10.0.40219.1
Project("{9A19103F-16F7-4668-BE54-9A1E7A4F7556}") = "HelloApp", "HelloApp\HelloApp.csproj", "{9EEAF59F-405F-4499-910F-3C772B906EBB}"
EndProject
Global
	GlobalSection(SolutionConfigurationPlatforms) = preSolution
		Debug|Any CPU = Debug|Any CPU
		Release|Any CPU = Release|Any CPU
	EndGlobalSection
	GlobalSection(ProjectConfigurationPlatforms) = postSolution
		{9EEAF59F-405F-4499-910F-3C772B906EBB}.Debug|Any CPU.ActiveCfg = Debug|Any CPU
		{9EEAF59F-405F-4499-910F-3C772B906EBB}.Debug|Any CPU.Build.0 = Debug|Any CPU
		{9EEAF59F-405F-4499-910F-3C772B906EBB}.Release|Any CPU.ActiveCfg = Release|Any CPU
		{9EEAF59F-405F-4499-910F-3C772B906EBB}.Release|Any CPU.Build.0 = Release|Any CPU
	EndGlobalSection
	GlobalSection(SolutionProperties) = preSolution
		HideSolutionNode = FALSE
	EndGlobalSection
	GlobalSection(ExtensibilityGlobals) = postSolution
		SolutionGuid = {FEA47BAA-5ED1-4A70-9585-35F305CC9993}
	EndGlobalSection
EndGlobal
